# This file was autogenerated by Stack.
# You should not edit this file by hand.
# For more information, please see the documentation at:
#   https://docs.haskellstack.org/en/stable/lock_files

packages:
- completed:
    hackage: cmark-0.5.6.3@sha256:2e2af5d2bd3d63b2c52d3f1ffc2fcf4a4a41aeac9f205a1f59170cc201aaefe7,3872
    pantry-tree:
      size: 2758
      sha256: 2596bb189d69eab460b9ef4603c073aaa3dc88193dae79e9e9424937ccb7a32d
  original:
    hackage: cmark-0.5.6.3
- completed:
    hackage: graphviz-2999.20.0.3@sha256:cde383c356bc41136ed53cd27e0800f46dbd2185600dd0de18d66d5c49739d94,7677
    pantry-tree:
      size: 4322
      sha256: f7d9f7e161d68a5783d915358c28a95a2b8c94f3e302325fa604b91e8d2295c8
  original:
    hackage: graphviz-2999.20.0.3
- completed:
    hackage: megaparsec-7.0.5@sha256:45e1f1348fab2783646fdb4d9e6097568981a740951c7356d36d794e2baba305,3902
    pantry-tree:
      size: 1428
      sha256: 1f8baf6e07326f8c8a2dd31de6b2860427f158b0892c52ba5fe9ffeb6cd3bf7f
  original:
    hackage: megaparsec-7.0.5
- completed:
    hackage: writer-cps-mtl-0.1.1.6@sha256:ec9c2dff8f201600f1f49d89085a4b5cbd2330e1c3d90f31a5bd133f017a3a90,1543
    pantry-tree:
      size: 299
      sha256: 68ba0ebd6a84c0bce097f3429de5fb209f34c592bd1133c51184f9d75d9dc4e0
  original:
    hackage: writer-cps-mtl-0.1.1.6
- completed:
    hackage: writer-cps-transformers-0.5.6.1@sha256:3aaf57b3c42377c34af2d31bf19377840079f1b32723bf012459a23ce296edb1,1426
    pantry-tree:
      size: 167
      sha256: 1c54b1734a592dff408ee550f420c97b8adc1ab6568bee6503bc9a2512dd6fcf
  original:
    hackage: writer-cps-transformers-0.5.6.1
snapshots:
- completed:
    size: 500539
    url: https://raw.githubusercontent.com/commercialhaskell/stackage-snapshots/master/lts/13/29.yaml
    sha256: 006398c5e92d1d64737b7e98ae4d63987c36808814504d1451f56ebd98093f75
  original: lts-13.29
